
Microsoft Visual Studio Solution File, Format Version 12.00
# Visual Studio Version 17
VisualStudioVersion = 17.8.34316.72
MinimumVisualStudioVersion = 10.0.40219.1
Project("{9A19103F-16F7-4668-BE54-9A1E7A4F7556}") = "API_ProyectoGestionInventario", "API_ProyectoGestionInventario\API_ProyectoGestionInventario.csproj", "{9ED87FA0-48F6-487A-8BE4-BEE334196475}"
EndProject
Project("{FAE04EC0-301F-11D3-BF4B-00C04F79EFBC}") = "ProyectoGestionInventario.BusinessLogic", "ProyectoGestionInventario.BusinessLogic\ProyectoGestionInventario.BusinessLogic.csproj", "{B427A965-FF8E-45A5-B8B5-68DBDD4A4682}"
EndProject
Project("{FAE04EC0-301F-11D3-BF4B-00C04F79EFBC}") = "ProyectoGestionInventario.DataAccess", "ProyectoGestionInventario.DataAccess\ProyectoGestionInventario.DataAccess.csproj", "{BB9D510C-0145-427F-8057-CA0B1B5E6B4D}"
EndProject
Project("{FAE04EC0-301F-11D3-BF4B-00C04F79EFBC}") = "ProyectoGestionInventario.Entities", "ProyectoGestionInventario.Entities\ProyectoGestionInventario.Entities.csproj", "{43F7735F-E352-40A8-AFC6-452841034DAE}"
EndProject
Global
	GlobalSection(SolutionConfigurationPlatforms) = preSolution
		Debug|Any CPU = Debug|Any CPU
		Release|Any CPU = Release|Any CPU
	EndGlobalSection
	GlobalSection(ProjectConfigurationPlatforms) = postSolution
		{9ED87FA0-48F6-487A-8BE4-BEE334196475}.Debug|Any CPU.ActiveCfg = Debug|Any CPU
		{9ED87FA0-48F6-487A-8BE4-BEE334196475}.Debug|Any CPU.Build.0 = Debug|Any CPU
		{9ED87FA0-48F6-487A-8BE4-BEE334196475}.Release|Any CPU.ActiveCfg = Release|Any CPU
		{9ED87FA0-48F6-487A-8BE4-BEE334196475}.Release|Any CPU.Build.0 = Release|Any CPU
		{B427A965-FF8E-45A5-B8B5-68DBDD4A4682}.Debug|Any CPU.ActiveCfg = Debug|Any CPU
		{B427A965-FF8E-45A5-B8B5-68DBDD4A4682}.Debug|Any CPU.Build.0 = Debug|Any CPU
		{B427A965-FF8E-45A5-B8B5-68DBDD4A4682}.Release|Any CPU.ActiveCfg = Release|Any CPU
		{B427A965-FF8E-45A5-B8B5-68DBDD4A4682}.Release|Any CPU.Build.0 = Release|Any CPU
		{BB9D510C-0145-427F-8057-CA0B1B5E6B4D}.Debug|Any CPU.ActiveCfg = Debug|Any CPU
		{BB9D510C-0145-427F-8057-CA0B1B5E6B4D}.Debug|Any CPU.Build.0 = Debug|Any CPU
		{BB9D510C-0145-427F-8057-CA0B1B5E6B4D}.Release|Any CPU.ActiveCfg = Release|Any CPU
		{BB9D510C-0145-427F-8057-CA0B1B5E6B4D}.Release|Any CPU.Build.0 = Release|Any CPU
		{43F7735F-E352-40A8-AFC6-452841034DAE}.Debug|Any CPU.ActiveCfg = Debug|Any CPU
		{43F7735F-E352-40A8-AFC6-452841034DAE}.Debug|Any CPU.Build.0 = Debug|Any CPU
		{43F7735F-E352-40A8-AFC6-452841034DAE}.Release|Any CPU.ActiveCfg = Release|Any CPU
		{43F7735F-E352-40A8-AFC6-452841034DAE}.Release|Any CPU.Build.0 = Release|Any CPU
	EndGlobalSection
	GlobalSection(SolutionProperties) = preSolution
		HideSolutionNode = FALSE
	EndGlobalSection
	GlobalSection(ExtensibilityGlobals) = postSolution
		SolutionGuid = {EEF61C10-8BAA-404D-B384-B187D81FE21E}
	EndGlobalSection
EndGlobal
