
Microsoft Visual Studio Solution File, Format Version 12.00
# Visual Studio Version 17
VisualStudioVersion = 17.4.33205.214
MinimumVisualStudioVersion = 10.0.40219.1
Project("{FAE04EC0-301F-11D3-BF4B-00C04F79EFBC}") = "ProyectoGestionInventarioCAAG", "ProyectoGestionInventarioCAAG\ProyectoGestionInventarioCAAG.csproj", "{64EBCB58-BFA4-4BCE-83BE-2EB299033906}"
EndProject
Global
	GlobalSection(SolutionConfigurationPlatforms) = preSolution
		Debug|Any CPU = Debug|Any CPU
		Release|Any CPU = Release|Any CPU
	EndGlobalSection
	GlobalSection(ProjectConfigurationPlatforms) = postSolution
		{64EBCB58-BFA4-4BCE-83BE-2EB299033906}.Debug|Any CPU.ActiveCfg = Debug|Any CPU
		{64EBCB58-BFA4-4BCE-83BE-2EB299033906}.Debug|Any CPU.Build.0 = Debug|Any CPU
		{64EBCB58-BFA4-4BCE-83BE-2EB299033906}.Release|Any CPU.ActiveCfg = Release|Any CPU
		{64EBCB58-BFA4-4BCE-83BE-2EB299033906}.Release|Any CPU.Build.0 = Release|Any CPU
	EndGlobalSection
	GlobalSection(SolutionProperties) = preSolution
		HideSolutionNode = FALSE
	EndGlobalSection
	GlobalSection(ExtensibilityGlobals) = postSolution
		SolutionGuid = {EDDB3728-7EBD-4489-8F4E-C18BAAE68FA7}
	EndGlobalSection
EndGlobal
